
Microsoft Visual Studio Solution File, Format Version 12.00
# Visual Studio Version 16
VisualStudioVersion = 16.0.30204.135
MinimumVisualStudioVersion = 10.0.40219.1
Project("{FAE04EC0-301F-11D3-BF4B-00C04F79EFBC}") = "Project", "Project.csproj", "{6443577B-9A8D-41C0-9494-6D76A9B5BEA4}"
EndProject
Global
	GlobalSection(SolutionConfigurationPlatforms) = preSolution
		Debug|Any CPU = Debug|Any CPU
		Release|Any CPU = Release|Any CPU
	EndGlobalSection
	GlobalSection(ProjectConfigurationPlatforms) = postSolution
		{6443577B-9A8D-41C0-9494-6D76A9B5BEA4}.Debug|Any CPU.ActiveCfg = Debug|Any CPU
		{6443577B-9A8D-41C0-9494-6D76A9B5BEA4}.Debug|Any CPU.Build.0 = Debug|Any CPU
		{6443577B-9A8D-41C0-9494-6D76A9B5BEA4}.Release|Any CPU.ActiveCfg = Release|Any CPU
		{6443577B-9A8D-41C0-9494-6D76A9B5BEA4}.Release|Any CPU.Build.0 = Release|Any CPU
	EndGlobalSection
	GlobalSection(SolutionProperties) = preSolution
		HideSolutionNode = FALSE
	EndGlobalSection
	GlobalSection(ExtensibilityGlobals) = postSolution
		SolutionGuid = {366EA7F4-09BA-458C-A69B-43F79C478C19}
	EndGlobalSection
EndGlobal
